// !$*UTF8*$!
{
	archiveVersion = 1;
	classes = {
	};
	objectVersion = 46;
	objects = {

/* Begin PBXBuildFile section */
		2432FCB625674E92008BF6C2 /* ComposeViewController.swift in Sources */ = {isa = PBXBuildFile; fileRef = 2432FCB525674E92008BF6C2 /* ComposeViewController.swift */; };
		2432FCBA25679047008BF6C2 /* DetailViewController.swift in Sources */ = {isa = PBXBuildFile; fileRef = 2432FCB925679047008BF6C2 /* DetailViewController.swift */; };
		2432FCBF2567BA30008BF6C2 /* NotePad.xcdatamodeld in Sources */ = {isa = PBXBuildFile; fileRef = 2432FCBD2567BA30008BF6C2 /* NotePad.xcdatamodeld */; };
		24CA7A0A256953B0000F3FB9 /* DataManager.swift in Sources */ = {isa = PBXBuildFile; fileRef = 24CA7A09256953B0000F3FB9 /* DataManager.swift */; };
		24D9C04F256606B100C09E71 /* MemoListTableViewController.swift in Sources */ = {isa = PBXBuildFile; fileRef = 24D9C04E256606B100C09E71 /* MemoListTableViewController.swift */; };
		B9B24023645681E85C7BED98 /* LaunchScreen.storyboard in Resources */ = {isa = PBXBuildFile; fileRef = B9B2440F370F78C91C158BC9 /* LaunchScreen.storyboard */; };
		B9B242DD8AB0C38F28B36F94 /* Main.storyboard in Resources */ = {isa = PBXBuildFile; fileRef = B9B24627AB127897690CCFB5 /* Main.storyboard */; };
		B9B2446BCBCAE5F23B820EB2 /* Assets.xcassets in Resources */ = {isa = PBXBuildFile; fileRef = B9B24ECA7EC220419851ABEE /* Assets.xcassets */; };
		B9B244B8EDA5E8309A4658FD /* AppDelegate.swift in Sources */ = {isa = PBXBuildFile; fileRef = B9B24A5EF399A5E11C50D41A /* AppDelegate.swift */; };
		B9B2480319471F8DEAACA783 /* UIViewController+Alert.swift in Sources */ = {isa = PBXBuildFile; fileRef = B9B24B0C33F2B623051E4624 /* UIViewController+Alert.swift */; };
		B9B24839F3321D66E864244E /* Model.swift in Sources */ = {isa = PBXBuildFile; fileRef = B9B2440E49668529816A27F9 /* Model.swift */; };
		B9B24A317CAF368CB117E00D /* SceneDelegate.swift in Sources */ = {isa = PBXBuildFile; fileRef = B9B24ADB31A941EB4F280C3C /* SceneDelegate.swift */; };
		B9B24F259516E72609719AAF /* ViewController.swift in Sources */ = {isa = PBXBuildFile; fileRef = B9B2415F1E1EDEC476727B33 /* ViewController.swift */; };
/* End PBXBuildFile section */

/* Begin PBXFileReference section */
		2432FCB525674E92008BF6C2 /* ComposeViewController.swift */ = {isa = PBXFileReference; lastKnownFileType = sourcecode.swift; path = ComposeViewController.swift; sourceTree = "<group>"; };
		2432FCB925679047008BF6C2 /* DetailViewController.swift */ = {isa = PBXFileReference; lastKnownFileType = sourcecode.swift; path = DetailViewController.swift; sourceTree = "<group>"; };
		2432FCBE2567BA30008BF6C2 /* Model.xcdatamodel */ = {isa = PBXFileReference; lastKnownFileType = wrapper.xcdatamodel; path = Model.xcdatamodel; sourceTree = "<group>"; };
		24CA7A09256953B0000F3FB9 /* DataManager.swift */ = {isa = PBXFileReference; lastKnownFileType = sourcecode.swift; path = DataManager.swift; sourceTree = "<group>"; };
		24D9C04E256606B100C09E71 /* MemoListTableViewController.swift */ = {isa = PBXFileReference; lastKnownFileType = sourcecode.swift; path = MemoListTableViewController.swift; sourceTree = "<group>"; };
		B9B2415F1E1EDEC476727B33 /* ViewController.swift */ = {isa = PBXFileReference; lastKnownFileType = sourcecode.swift; path = ViewController.swift; sourceTree = "<group>"; };
		B9B242A99025916677408B33 /* Base */ = {isa = PBXFileReference; lastKnownFileType = file.storyboard; name = Base; path = Base.lproj/LaunchScreen.storyboard; sourceTree = "<group>"; };
		B9B24380851566C15012AEED /* notepad.app */ = {isa = PBXFileReference; explicitFileType = wrapper.application; includeInIndex = 0; path = notepad.app; sourceTree = BUILT_PRODUCTS_DIR; };
		B9B2440E49668529816A27F9 /* Model.swift */ = {isa = PBXFileReference; fileEncoding = 4; lastKnownFileType = sourcecode.swift; path = Model.swift; sourceTree = "<group>"; };
		B9B24627AB127897690CCFB5 /* Main.storyboard */ = {isa = PBXFileReference; lastKnownFileType = file.storyboard; path = Main.storyboard; sourceTree = "<group>"; };
		B9B24A181FC7A70143D3427A /* Info.plist */ = {isa = PBXFileReference; lastKnownFileType = text.plist.info; path = Info.plist; sourceTree = "<group>"; };
		B9B24A5EF399A5E11C50D41A /* AppDelegate.swift */ = {isa = PBXFileReference; lastKnownFileType = sourcecode.swift; path = AppDelegate.swift; sourceTree = "<group>"; };
		B9B24ADB31A941EB4F280C3C /* SceneDelegate.swift */ = {isa = PBXFileReference; lastKnownFileType = sourcecode.swift; path = SceneDelegate.swift; sourceTree = "<group>"; };
		B9B24B0C33F2B623051E4624 /* UIViewController+Alert.swift */ = {isa = PBXFileReference; fileEncoding = 4; lastKnownFileType = sourcecode.swift; path = "UIViewController+Alert.swift"; sourceTree = "<group>"; };
		B9B24ECA7EC220419851ABEE /* Assets.xcassets */ = {isa = PBXFileReference; lastKnownFileType = folder.assetcatalog; path = Assets.xcassets; sourceTree = "<group>"; };
/* End PBXFileReference section */

/* Begin PBXFrameworksBuildPhase section */
		B9B24EA4D50B9F8349586B67 /* Frameworks */ = {
			isa = PBXFrameworksBuildPhase;
			buildActionMask = 2147483647;
			files = (
			);
			runOnlyForDeploymentPostprocessing = 0;
		};
/* End PBXFrameworksBuildPhase section */

/* Begin PBXGroup section */
		24CA7A082569539B000F3FB9 /* Data */ = {
			isa = PBXGroup;
			children = (
				24CA7A09256953B0000F3FB9 /* DataManager.swift */,
			);
			path = Data;
			sourceTree = "<group>";
		};
		B9B2418A1CA1441C1450C986 = {
			isa = PBXGroup;
			children = (
				B9B24EAFA18E4C8FB9E888C6 /* Products */,
				B9B24AED46A0AE238813BA7A /* notepad */,
			);
			sourceTree = "<group>";
		};
		B9B24ACF4508BD2BAC60AC1E /* Model */ = {
			isa = PBXGroup;
			children = (
				B9B2440E49668529816A27F9 /* Model.swift */,
			);
			path = Model;
			sourceTree = "<group>";
		};
		B9B24AED46A0AE238813BA7A /* notepad */ = {
			isa = PBXGroup;
			children = (
				24CA7A082569539B000F3FB9 /* Data */,
				B9B24A181FC7A70143D3427A /* Info.plist */,
				B9B24ECA7EC220419851ABEE /* Assets.xcassets */,
				B9B24A5EF399A5E11C50D41A /* AppDelegate.swift */,
				B9B2440F370F78C91C158BC9 /* LaunchScreen.storyboard */,
				B9B24ADB31A941EB4F280C3C /* SceneDelegate.swift */,
				B9B2415F1E1EDEC476727B33 /* ViewController.swift */,
				B9B24627AB127897690CCFB5 /* Main.storyboard */,
				B9B24ACF4508BD2BAC60AC1E /* Model */,
				24D9C04E256606B100C09E71 /* MemoListTableViewController.swift */,
				2432FCB525674E92008BF6C2 /* ComposeViewController.swift */,
				B9B24B0C33F2B623051E4624 /* UIViewController+Alert.swift */,
				2432FCB925679047008BF6C2 /* DetailViewController.swift */,
				2432FCBD2567BA30008BF6C2 /* NotePad.xcdatamodeld */,
			);
			path = notepad;
			sourceTree = "<group>";
		};
		B9B24EAFA18E4C8FB9E888C6 /* Products */ = {
			isa = PBXGroup;
			children = (
				B9B24380851566C15012AEED /* notepad.app */,
			);
			name = Products;
			sourceTree = "<group>";
		};
/* End PBXGroup section */

/* Begin PBXNativeTarget section */
		B9B2419C9688BB78BD480338 /* notepad */ = {
			isa = PBXNativeTarget;
			buildConfigurationList = B9B249AAE48265E032863549 /* Build configuration list for PBXNativeTarget "notepad" */;
			buildPhases = (
				B9B249F37C43818E97EDDA01 /* Sources */,
				B9B24EA4D50B9F8349586B67 /* Frameworks */,
				B9B24E2BACDD9E4E4A4F3E26 /* Resources */,
			);
			buildRules = (
			);
			dependencies = (
			);
			name = notepad;
			productName = notepad;
			productReference = B9B24380851566C15012AEED /* notepad.app */;
			productType = "com.apple.product-type.application";
		};
/* End PBXNativeTarget section */

/* Begin PBXProject section */
		B9B2447B6F2319C5611B805C /* Project object */ = {
			isa = PBXProject;
			attributes = {
				TargetAttributes = {
					B9B2419C9688BB78BD480338 = {
						DevelopmentTeam = F7DAHNMXP5;
					};
				};
			};
			buildConfigurationList = B9B249653A1951F626FA92AC /* Build configuration list for PBXProject "notepad" */;
			compatibilityVersion = "Xcode 3.2";
			developmentRegion = English;
			hasScannedForEncodings = 0;
			knownRegions = (
				English,
				en,
				Base,
			);
			mainGroup = B9B2418A1CA1441C1450C986;
			productRefGroup = B9B24EAFA18E4C8FB9E888C6 /* Products */;
			projectDirPath = "";
			projectRoot = "";
			targets = (
				B9B2419C9688BB78BD480338 /* notepad */,
			);
		};
/* End PBXProject section */

/* Begin PBXResourcesBuildPhase section */
		B9B24E2BACDD9E4E4A4F3E26 /* Resources */ = {
			isa = PBXResourcesBuildPhase;
			buildActionMask = 2147483647;
			files = (
				B9B2446BCBCAE5F23B820EB2 /* Assets.xcassets in Resources */,
				B9B24023645681E85C7BED98 /* LaunchScreen.storyboard in Resources */,
				B9B242DD8AB0C38F28B36F94 /* Main.storyboard in Resources */,
			);
			runOnlyForDeploymentPostprocessing = 0;
		};
/* End PBXResourcesBuildPhase section */

/* Begin PBXSourcesBuildPhase section */
		B9B249F37C43818E97EDDA01 /* Sources */ = {
			isa = PBXSourcesBuildPhase;
			buildActionMask = 2147483647;
			files = (
				B9B244B8EDA5E8309A4658FD /* AppDelegate.swift in Sources */,
				24CA7A0A256953B0000F3FB9 /* DataManager.swift in Sources */,
				B9B24A317CAF368CB117E00D /* SceneDelegate.swift in Sources */,
				24D9C04F256606B100C09E71 /* MemoListTableViewController.swift in Sources */,
				2432FCB625674E92008BF6C2 /* ComposeViewController.swift in Sources */,
				B9B24F259516E72609719AAF /* ViewController.swift in Sources */,
				2432FCBF2567BA30008BF6C2 /* NotePad.xcdatamodeld in Sources */,
				B9B24839F3321D66E864244E /* Model.swift in Sources */,
				B9B2480319471F8DEAACA783 /* UIViewController+Alert.swift in Sources */,
				2432FCBA25679047008BF6C2 /* DetailViewController.swift in Sources */,
			);
			runOnlyForDeploymentPostprocessing = 0;
		};
/* End PBXSourcesBuildPhase section */

/* Begin PBXVariantGroup section */
		B9B2440F370F78C91C158BC9 /* LaunchScreen.storyboard */ = {
			isa = PBXVariantGroup;
			children = (
				B9B242A99025916677408B33 /* Base */,
			);
			name = LaunchScreen.storyboard;
			sourceTree = "<group>";
		};
/* End PBXVariantGroup section */

/* Begin XCBuildConfiguration section */
		B9B2427EB05CE795365444B4 /* Release */ = {
			isa = XCBuildConfiguration;
			buildSettings = {
				ASSETCATALOG_COMPILER_APPICON_NAME = AppIcon;
				ASSETCATALOG_COMPILER_GLOBAL_ACCENT_COLOR_NAME = AccentColor;
				DEVELOPMENT_TEAM = F7DAHNMXP5;
				INFOPLIST_FILE = notepad/Info.plist;
				IPHONEOS_DEPLOYMENT_TARGET = 10.0;
				LD_RUNPATH_SEARCH_PATHS = "$(inherited) @executable_path/Frameworks";
				PRODUCT_BUNDLE_IDENTIFIER = com.allie0147.notepad;
				PRODUCT_NAME = "$(TARGET_NAME)";
				SWIFT_VERSION = 5.0;
				TARGETED_DEVICE_FAMILY = "1,2";
			};
			name = Release;
		};
		B9B24A5797FF54C5AF61FE41 /* Release */ = {
			isa = XCBuildConfiguration;
			buildSettings = {
				ALWAYS_SEARCH_USER_PATHS = NO;
				CLANG_ANALYZER_NONNULL = YES;
				CLANG_ANALYZER_NUMBER_OBJECT_CONVERSION = YES_AGGRESSIVE;
				CLANG_CXX_LANGUAGE_STANDARD = "gnu++14";
				CLANG_CXX_LIBRARY = "libc++";
				CLANG_ENABLE_MODULES = YES;
				CLANG_ENABLE_OBJC_ARC = YES;
				CLANG_ENABLE_OBJC_WEAK = YES;
				CLANG_WARN_BLOCK_CAPTURE_AUTORELEASING = YES;
				CLANG_WARN_BOOL_CONVERSION = YES;
				CLANG_WARN_COMMA = YES;
				CLANG_WARN_CONSTANT_CONVERSION = YES;
				CLANG_WARN_DEPRECATED_OBJC_IMPLEMENTATIONS = YES;
				CLANG_WARN_DIRECT_OBJC_ISA_USAGE = YES_ERROR;
				CLANG_WARN_DOCUMENTATION_COMMENTS = YES;
				CLANG_WARN_EMPTY_BODY = YES;
				CLANG_WARN_ENUM_CONVERSION = YES;
				CLANG_WARN_INFINITE_RECURSION = YES;
				CLANG_WARN_INT_CONVERSION = YES;
				CLANG_WARN_NON_LITERAL_NULL_CONVERSION = YES;
				CLANG_WARN_OBJC_IMPLICIT_RETAIN_SELF = YES;
				CLANG_WARN_OBJC_LITERAL_CONVERSION = YES;
				CLANG_WARN_OBJC_ROOT_CLASS = YES_ERROR;
				CLANG_WARN_QUOTED_INCLUDE_IN_FRAMEWORK_HEADER = YES;
				CLANG_WARN_RANGE_LOOP_ANALYSIS = YES;
				CLANG_WARN_STRICT_PROTOTYPES = YES;
				CLANG_WARN_SUSPICIOUS_MOVE = YES;
				CLANG_WARN_UNGUARDED_AVAILABILITY = YES_AGGRESSIVE;
				CLANG_WARN_UNREACHABLE_CODE = YES;
				CLANG_WARN__DUPLICATE_METHOD_MATCH = YES;
				COPY_PHASE_STRIP = NO;
				DEBUG_INFORMATION_FORMAT = "dwarf-with-dsym";
				ENABLE_NS_ASSERTIONS = NO;
				ENABLE_STRICT_OBJC_MSGSEND = YES;
				GCC_C_LANGUAGE_STANDARD = gnu11;
				GCC_NO_COMMON_BLOCKS = YES;
				GCC_WARN_64_TO_32_BIT_CONVERSION = YES;
				GCC_WARN_ABOUT_RETURN_TYPE = YES_ERROR;
				GCC_WARN_UNDECLARED_SELECTOR = YES;
				GCC_WARN_UNINITIALIZED_AUTOS = YES_AGGRESSIVE;
				GCC_WARN_UNUSED_FUNCTION = YES;
				GCC_WARN_UNUSED_VARIABLE = YES;
				IPHONEOS_DEPLOYMENT_TARGET = 14.2;
				MTL_ENABLE_DEBUG_INFO = NO;
				MTL_FAST_MATH = YES;
				SDKROOT = iphoneos;
				SWIFT_OPTIMIZATION_LEVEL = "-Owholemodule";
				VALIDATE_PRODUCT = YES;
			};
			name = Release;
		};
		B9B24C6181F3192291B89C64 /* Debug */ = {
			isa = XCBuildConfiguration;
			buildSettings = {
				ASSETCATALOG_COMPILER_APPICON_NAME = AppIcon;
				ASSETCATALOG_COMPILER_GLOBAL_ACCENT_COLOR_NAME = AccentColor;
				DEVELOPMENT_TEAM = F7DAHNMXP5;
				INFOPLIST_FILE = notepad/Info.plist;
				IPHONEOS_DEPLOYMENT_TARGET = 10.0;
				LD_RUNPATH_SEARCH_PATHS = "$(inherited) @executable_path/Frameworks";
				PRODUCT_BUNDLE_IDENTIFIER = com.allie0147.notepad;
				PRODUCT_NAME = "$(TARGET_NAME)";
				SWIFT_VERSION = 5.0;
				TARGETED_DEVICE_FAMILY = "1,2";
			};
			name = Debug;
		};
		B9B24DDF1AC047385A203370 /* Debug */ = {
			isa = XCBuildConfiguration;
			buildSettings = {
				ALWAYS_SEARCH_USER_PATHS = NO;
				CLANG_ANALYZER_NONNULL = YES;
				CLANG_ANALYZER_NUMBER_OBJECT_CONVERSION = YES_AGGRESSIVE;
				CLANG_CXX_LANGUAGE_STANDARD = "gnu++14";
				CLANG_CXX_LIBRARY = "libc++";
				CLANG_ENABLE_MODULES = YES;
				CLANG_ENABLE_OBJC_ARC = YES;
				CLANG_ENABLE_OBJC_WEAK = YES;
				CLANG_WARN_BLOCK_CAPTURE_AUTORELEASING = YES;
				CLANG_WARN_BOOL_CONVERSION = YES;
				CLANG_WARN_COMMA = YES;
				CLANG_WARN_CONSTANT_CONVERSION = YES;
				CLANG_WARN_DEPRECATED_OBJC_IMPLEMENTATIONS = YES;
				CLANG_WARN_DIRECT_OBJC_ISA_USAGE = YES_ERROR;
				CLANG_WARN_DOCUMENTATION_COMMENTS = YES;
				CLANG_WARN_EMPTY_BODY = YES;
				CLANG_WARN_ENUM_CONVERSION = YES;
				CLANG_WARN_INFINITE_RECURSION = YES;
				CLANG_WARN_INT_CONVERSION = YES;
				CLANG_WARN_NON_LITERAL_NULL_CONVERSION = YES;
				CLANG_WARN_OBJC_IMPLICIT_RETAIN_SELF = YES;
				CLANG_WARN_OBJC_LITERAL_CONVERSION = YES;
				CLANG_WARN_OBJC_ROOT_CLASS = YES_ERROR;
				CLANG_WARN_QUOTED_INCLUDE_IN_FRAMEWORK_HEADER = YES;
				CLANG_WARN_RANGE_LOOP_ANALYSIS = YES;
				CLANG_WARN_STRICT_PROTOTYPES = YES;
				CLANG_WARN_SUSPICIOUS_MOVE = YES;
				CLANG_WARN_UNGUARDED_AVAILABILITY = YES_AGGRESSIVE;
				CLANG_WARN_UNREACHABLE_CODE = YES;
				CLANG_WARN__DUPLICATE_METHOD_MATCH = YES;
				COPY_PHASE_STRIP = NO;
				DEBUG_INFORMATION_FORMAT = dwarf;
				ENABLE_STRICT_OBJC_MSGSEND = YES;
				ENABLE_TESTABILITY = YES;
				GCC_C_LANGUAGE_STANDARD = gnu11;
				GCC_DYNAMIC_NO_PIC = NO;
				GCC_NO_COMMON_BLOCKS = YES;
				GCC_OPTIMIZATION_LEVEL = 0;
				GCC_PREPROCESSOR_DEFINITIONS = (
					"DEBUG=1",
					"$(inherited)",
				);
				GCC_WARN_64_TO_32_BIT_CONVERSION = YES;
				GCC_WARN_ABOUT_RETURN_TYPE = YES_ERROR;
				GCC_WARN_UNDECLARED_SELECTOR = YES;
				GCC_WARN_UNINITIALIZED_AUTOS = YES_AGGRESSIVE;
				GCC_WARN_UNUSED_FUNCTION = YES;
				GCC_WARN_UNUSED_VARIABLE = YES;
				IPHONEOS_DEPLOYMENT_TARGET = 14.2;
				MTL_ENABLE_DEBUG_INFO = INCLUDE_SOURCE;
				MTL_FAST_MATH = YES;
				ONLY_ACTIVE_ARCH = YES;
				SDKROOT = iphoneos;
				SWIFT_ACTIVE_COMPILATION_CONDITIONS = DEBUG;
				SWIFT_OPTIMIZATION_LEVEL = "-Onone";
			};
			name = Debug;
		};
/* End XCBuildConfiguration section */

/* Begin XCConfigurationList section */
		B9B249653A1951F626FA92AC /* Build configuration list for PBXProject "notepad" */ = {
			isa = XCConfigurationList;
			buildConfigurations = (
				B9B24DDF1AC047385A203370 /* Debug */,
				B9B24A5797FF54C5AF61FE41 /* Release */,
			);
			defaultConfigurationIsVisible = 0;
			defaultConfigurationName = Release;
		};
		B9B249AAE48265E032863549 /* Build configuration list for PBXNativeTarget "notepad" */ = {
			isa = XCConfigurationList;
			buildConfigurations = (
				B9B24C6181F3192291B89C64 /* Debug */,
				B9B2427EB05CE795365444B4 /* Release */,
			);
			defaultConfigurationIsVisible = 0;
			defaultConfigurationName = Release;
		};
/* End XCConfigurationList section */

/* Begin XCVersionGroup section */
		2432FCBD2567BA30008BF6C2 /* NotePad.xcdatamodeld */ = {
			isa = XCVersionGroup;
			children = (
				2432FCBE2567BA30008BF6C2 /* Model.xcdatamodel */,
			);
			currentVersion = 2432FCBE2567BA30008BF6C2 /* Model.xcdatamodel */;
			path = NotePad.xcdatamodeld;
			sourceTree = "<group>";
			versionGroupType = wrapper.xcdatamodel;
		};
/* End XCVersionGroup section */
	};
	rootObject = B9B2447B6F2319C5611B805C /* Project object */;
}
